
Microsoft Visual Studio Solution File, Format Version 12.00
# Visual Studio Version 17
VisualStudioVersion = 17.10.35013.160
MinimumVisualStudioVersion = 10.0.40219.1
Project("{FAE04EC0-301F-11D3-BF4B-00C04F79EFBC}") = "GuitarOOADDemo", "GuitarOOADDemo\GuitarOOADDemo.csproj", "{8098836E-9F5F-48D9-810B-3F3842C88088}"
EndProject
Global
	GlobalSection(SolutionConfigurationPlatforms) = preSolution
		Debug|Any CPU = Debug|Any CPU
		Release|Any CPU = Release|Any CPU
	EndGlobalSection
	GlobalSection(ProjectConfigurationPlatforms) = postSolution
		{8098836E-9F5F-48D9-810B-3F3842C88088}.Debug|Any CPU.ActiveCfg = Debug|Any CPU
		{8098836E-9F5F-48D9-810B-3F3842C88088}.Debug|Any CPU.Build.0 = Debug|Any CPU
		{8098836E-9F5F-48D9-810B-3F3842C88088}.Release|Any CPU.ActiveCfg = Release|Any CPU
		{8098836E-9F5F-48D9-810B-3F3842C88088}.Release|Any CPU.Build.0 = Release|Any CPU
	EndGlobalSection
	GlobalSection(SolutionProperties) = preSolution
		HideSolutionNode = FALSE
	EndGlobalSection
	GlobalSection(ExtensibilityGlobals) = postSolution
		SolutionGuid = {2B705F7A-163F-4B24-A226-51546AE80C47}
	EndGlobalSection
EndGlobal
